# THIS IS AN AUTOGENERATED FILE. DO NOT EDIT THIS FILE DIRECTLY.
# yarn lockfile v1


"@types/node@^10.12.18":
  version "10.14.6"
  resolved "https://registry.yarnpkg.com/@types/node/-/node-10.14.6.tgz#9cbfcb62c50947217f4d88d4d274cc40c22625a9"
  integrity sha512-Fvm24+u85lGmV4hT5G++aht2C5I4Z4dYlWZIh62FAfFO/TfzXtPpoLI6I7AuBWkIFqZCnhFOoTT7RjjaIL5Fjg==

balanced-match@^1.0.0:
  version "1.0.0"
  resolved "https://registry.yarnpkg.com/balanced-match/-/balanced-match-1.0.0.tgz#89b4d199ab2bee49de164ea02b89ce462d71b767"
  integrity sha1-ibTRmasr7kneFk6gK4nORi1xt2c=

brace-expansion@^1.1.7:
  version "1.1.11"
  resolved "https://registry.yarnpkg.com/brace-expansion/-/brace-expansion-1.1.11.tgz#3c7fcbf529d87226f3d2f52b966ff5271eb441dd"
  integrity sha512-iCuPHDFgrHX7H2vEI/5xpz07zSHB00TpugqhmYtVmMO6518mCuRMoOYFldEBl0g187ufozdaHgWKcYFb61qGiA==
  dependencies:
    balanced-match "^1.0.0"
    concat-map "0.0.1"

concat-map@0.0.1:
  version "0.0.1"
  resolved "https://registry.yarnpkg.com/concat-map/-/concat-map-0.0.1.tgz#d8a96bd77fd68df7793a73036a3ba0d5405d477b"
  integrity sha1-2Klr13/Wjfd5OnMDajug1UBdR3s=

exif-js@^2.3.0:
  version "2.3.0"
  resolved "https://registry.yarnpkg.com/exif-js/-/exif-js-2.3.0.tgz#9d10819bf571f873813e7640241255ab9ce1a814"
  integrity sha1-nRCBm/Vx+HOBPnZAJBJVq5zhqBQ=

exif-parser@^0.1.12:
  version "0.1.12"
  resolved "https://registry.yarnpkg.com/exif-parser/-/exif-parser-0.1.12.tgz#58a9d2d72c02c1f6f02a0ef4a9166272b7760922"
  integrity sha1-WKnS1ywCwfbwKg70qRZicrd2CSI=

exif-reader@^1.0.2:
  version "1.0.2"
  resolved "https://registry.yarnpkg.com/exif-reader/-/exif-reader-1.0.2.tgz#02408b97b61028ea4f45e5b893a836f9aa28ac4f"
  integrity sha1-AkCLl7YQKOpPReW4k6g2+aoorE8=

exifreader@^2.8.2:
  version "2.8.2"
  resolved "https://registry.yarnpkg.com/exifreader/-/exifreader-2.8.2.tgz#00ec71a2e39220977d33cc9097c075d7f7c2fa56"
  integrity sha512-0eAiJrajv5s8chsUVjz0Js9YfeqKjF+ZNYZpqnlH17lQ08IOvjxtZ9RRkIe6ywAgkkyV4M+FoOTbvWf4tlYmYg==
  dependencies:
    "@types/node" "^10.12.18"
    xmldom "^0.1.27"

file-type@^9.0.0:
  version "9.0.0"
  resolved "https://registry.yarnpkg.com/file-type/-/file-type-9.0.0.tgz#a68d5ad07f486414dfb2c8866f73161946714a18"
  integrity sha512-Qe/5NJrgIOlwijpq3B7BEpzPFcgzggOTagZmkXQY4LA6bsXKTUstK7Wp12lEJ/mLKTpvIZxmIuRcLYWT6ov9lw==

media-metadata@^0.1.0:
  version "0.1.0"
  resolved "https://registry.yarnpkg.com/media-metadata/-/media-metadata-0.1.0.tgz#f4bba94c55c8b7df5358dae6cb656ea5e5dd37d8"
  integrity sha512-WtjZkYxzV8YMT8XCNbKEaJFP3YgKWrpbGNsAFvsGIwA4AJwPNrocl7qs4QDpzi5JAZLUtpJktoVXu/RQ8UKWIQ==
  dependencies:
    file-type "^9.0.0"
    utf-8 "^2.0.0"
    xmldom "^0.1.27"

minimatch@^3.0.4:
  version "3.0.4"
  resolved "https://registry.yarnpkg.com/minimatch/-/minimatch-3.0.4.tgz#5166e286457f03306064be5497e8dbb0c3d32083"
  integrity sha512-yJHVQEhyqPLUTgt9B83PXu6W3rx4MvvHvSUvToogpwoGDOUQ+yDrR0HRot+yOCdCO7u4hX3pWft6kWBBcqh0UA==
  dependencies:
    brace-expansion "^1.1.7"

sax@^1.2.1:
  version "1.2.4"
  resolved "https://registry.yarnpkg.com/sax/-/sax-1.2.4.tgz#2816234e2378bddc4e5354fab5caa895df7100d9"
  integrity sha512-NqVDv9TpANUjFm0N8uM5GxL36UgKi9/atZw+x7YFnQ8ckwFGKrl4xX4yWtrey3UJm5nP1kUbnYgLopqWNSRhWw==

utf-8@^2.0.0:
  version "2.0.0"
  resolved "https://registry.yarnpkg.com/utf-8/-/utf-8-2.0.0.tgz#6c2a309d683958862a01b5bf8e1d2dff46d36bf9"
  integrity sha512-DItg/Z20ltBzugPrb8Mx1oN0F8CqN5bD38T57YM/pF/GOzUsNVXiellI0PbJPq3e1Z7BEDNoWP1H1+4n7g54Cg==

xmldom@^0.1.27:
  version "0.1.27"
  resolved "https://registry.yarnpkg.com/xmldom/-/xmldom-0.1.27.tgz#d501f97b3bdb403af8ef9ecc20573187aadac0e9"
  integrity sha1-1QH5ezvbQDr4757MIFcxh6rawOk=

xmp-reader@^0.0.3:
  version "0.0.3"
  resolved "https://registry.yarnpkg.com/xmp-reader/-/xmp-reader-0.0.3.tgz#113d6cddc9ce71b6b645d1e0d5ba3e0737ef2266"
  integrity sha1-ET1s3cnOcba2RdHg1bo+BzfvImY=
  dependencies:
    sax "^1.2.1"
